
Microsoft Visual Studio Solution File, Format Version 12.00
# Visual Studio Version 17
VisualStudioVersion = 17.1.32421.90
MinimumVisualStudioVersion = 10.0.40219.1
Project("{FAE04EC0-301F-11D3-BF4B-00C04F79EFBC}") = "Car Exercise", "Car Exercise.csproj", "{36C72212-D124-4A33-9AA4-3ADCBA2D6DC8}"
EndProject
Global
	GlobalSection(SolutionConfigurationPlatforms) = preSolution
		Debug|Any CPU = Debug|Any CPU
		Release|Any CPU = Release|Any CPU
	EndGlobalSection
	GlobalSection(ProjectConfigurationPlatforms) = postSolution
		{36C72212-D124-4A33-9AA4-3ADCBA2D6DC8}.Debug|Any CPU.ActiveCfg = Debug|Any CPU
		{36C72212-D124-4A33-9AA4-3ADCBA2D6DC8}.Debug|Any CPU.Build.0 = Debug|Any CPU
		{36C72212-D124-4A33-9AA4-3ADCBA2D6DC8}.Release|Any CPU.ActiveCfg = Release|Any CPU
		{36C72212-D124-4A33-9AA4-3ADCBA2D6DC8}.Release|Any CPU.Build.0 = Release|Any CPU
	EndGlobalSection
	GlobalSection(SolutionProperties) = preSolution
		HideSolutionNode = FALSE
	EndGlobalSection
	GlobalSection(ExtensibilityGlobals) = postSolution
		SolutionGuid = {1F102CD6-7747-4B86-8730-F82455C9F224}
	EndGlobalSection
EndGlobal
